<?xml version="1.0" encoding="utf-8"?>
<Project ToolsVersion="4.0" xmlns="http://schemas.microsoft.com/developer/msbuild/2003">
  <ItemGroup>
    <Filter Include="Utility">
      <UniqueIdentifier>{17af72b5-4034-45a2-b42d-8ba9fe40a5ff}</UniqueIdentifier>
    </Filter>
    <Filter Include="Main">
      <UniqueIdentifier>{5e2b6c7a-15f7-4d7f-8ec7-1fa694e5d9fe}</UniqueIdentifier>
    </Filter>
  </ItemGroup>
  <ItemGroup>
    <ClCompile Include="pch.cpp">
      <Filter>Utility</Filter>
    </ClCompile>
    <ClCompile Include="GameServer.cpp">
      <Filter>Main</Filter>
    </ClCompile>
    <ClCompile Include="AccountManager.cpp">
      <Filter>Main</Filter>
    </ClCompile>
    <ClCompile Include="UserManager.cpp">
      <Filter>Main</Filter>
    </ClCompile>
  </ItemGroup>
  <ItemGroup>
    <ClInclude Include="pch.h">
      <Filter>Utility</Filter>
    </ClInclude>
    <ClInclude Include="UserManager.h">
      <Filter>Main</Filter>
    </ClInclude>
    <ClInclude Include="AccountManager.h">
      <Filter>Main</Filter>
    </ClInclude>
  </ItemGroup>
</Project>